
Microsoft Visual Studio Solution File, Format Version 12.00
# Visual Studio Version 16
VisualStudioVersion = 16.0.30225.117
MinimumVisualStudioVersion = 10.0.40219.1
Project("{FAE04EC0-301F-11D3-BF4B-00C04F79EFBC}") = "Server", "Server\Server.csproj", "{1BC1F295-E551-459C-A11C-35F157D6007B}"
EndProject
Global
	GlobalSection(SolutionConfigurationPlatforms) = preSolution
		Debug|Any CPU = Debug|Any CPU
		Release|Any CPU = Release|Any CPU
	EndGlobalSection
	GlobalSection(ProjectConfigurationPlatforms) = postSolution
		{1BC1F295-E551-459C-A11C-35F157D6007B}.Debug|Any CPU.ActiveCfg = Debug|Any CPU
		{1BC1F295-E551-459C-A11C-35F157D6007B}.Debug|Any CPU.Build.0 = Debug|Any CPU
		{1BC1F295-E551-459C-A11C-35F157D6007B}.Release|Any CPU.ActiveCfg = Release|Any CPU
		{1BC1F295-E551-459C-A11C-35F157D6007B}.Release|Any CPU.Build.0 = Release|Any CPU
	EndGlobalSection
	GlobalSection(SolutionProperties) = preSolution
		HideSolutionNode = FALSE
	EndGlobalSection
	GlobalSection(ExtensibilityGlobals) = postSolution
		SolutionGuid = {30965057-7428-4EEA-80A7-5741285489F6}
	EndGlobalSection
EndGlobal
