
Microsoft Visual Studio Solution File, Format Version 12.00
# Visual Studio Version 16
VisualStudioVersion = 16.0.30225.117
MinimumVisualStudioVersion = 10.0.40219.1
Project("{FAE04EC0-301F-11D3-BF4B-00C04F79EFBC}") = "Client", "Client\Client.csproj", "{315FAE51-4990-4E29-97F0-4A67765E59E6}"
EndProject
Global
	GlobalSection(SolutionConfigurationPlatforms) = preSolution
		Debug|Any CPU = Debug|Any CPU
		Release|Any CPU = Release|Any CPU
	EndGlobalSection
	GlobalSection(ProjectConfigurationPlatforms) = postSolution
		{315FAE51-4990-4E29-97F0-4A67765E59E6}.Debug|Any CPU.ActiveCfg = Debug|Any CPU
		{315FAE51-4990-4E29-97F0-4A67765E59E6}.Debug|Any CPU.Build.0 = Debug|Any CPU
		{315FAE51-4990-4E29-97F0-4A67765E59E6}.Release|Any CPU.ActiveCfg = Release|Any CPU
		{315FAE51-4990-4E29-97F0-4A67765E59E6}.Release|Any CPU.Build.0 = Release|Any CPU
	EndGlobalSection
	GlobalSection(SolutionProperties) = preSolution
		HideSolutionNode = FALSE
	EndGlobalSection
	GlobalSection(ExtensibilityGlobals) = postSolution
		SolutionGuid = {A010C8F7-BCCA-46DF-9EFB-65B034E9A0E3}
	EndGlobalSection
EndGlobal
